// !$*UTF8*$!
{
	archiveVersion = 1;
	classes = {
	};
	objectVersion = 50;
	objects = {

/* Begin PBXBuildFile section */
		82B4422E2512E90800AF992C /* AppDelegate.m in Sources */ = {isa = PBXBuildFile; fileRef = 82B4422D2512E90800AF992C /* AppDelegate.m */; };
		82B442312512E90800AF992C /* SceneDelegate.m in Sources */ = {isa = PBXBuildFile; fileRef = 82B442302512E90800AF992C /* SceneDelegate.m */; };
		82B442342512E90800AF992C /* ViewController.m in Sources */ = {isa = PBXBuildFile; fileRef = 82B442332512E90800AF992C /* ViewController.m */; };
		82B442372512E90800AF992C /* Main.storyboard in Resources */ = {isa = PBXBuildFile; fileRef = 82B442352512E90800AF992C /* Main.storyboard */; };
		82B442392512E90B00AF992C /* Assets.xcassets in Resources */ = {isa = PBXBuildFile; fileRef = 82B442382512E90B00AF992C /* Assets.xcassets */; };
		82B4423C2512E90B00AF992C /* LaunchScreen.storyboard in Resources */ = {isa = PBXBuildFile; fileRef = 82B4423A2512E90B00AF992C /* LaunchScreen.storyboard */; };
		82B4423F2512E90B00AF992C /* main.m in Sources */ = {isa = PBXBuildFile; fileRef = 82B4423E2512E90B00AF992C /* main.m */; };
/* End PBXBuildFile section */

/* Begin PBXFileReference section */
		82B442292512E90800AF992C /* Temperatura App.app */ = {isa = PBXFileReference; explicitFileType = wrapper.application; includeInIndex = 0; path = "Temperatura App.app"; sourceTree = BUILT_PRODUCTS_DIR; };
		82B4422C2512E90800AF992C /* AppDelegate.h */ = {isa = PBXFileReference; lastKnownFileType = sourcecode.c.h; path = AppDelegate.h; sourceTree = "<group>"; };
		82B4422D2512E90800AF992C /* AppDelegate.m */ = {isa = PBXFileReference; lastKnownFileType = sourcecode.c.objc; path = AppDelegate.m; sourceTree = "<group>"; };
		82B4422F2512E90800AF992C /* SceneDelegate.h */ = {isa = PBXFileReference; lastKnownFileType = sourcecode.c.h; path = SceneDelegate.h; sourceTree = "<group>"; };
		82B442302512E90800AF992C /* SceneDelegate.m */ = {isa = PBXFileReference; lastKnownFileType = sourcecode.c.objc; path = SceneDelegate.m; sourceTree = "<group>"; };
		82B442322512E90800AF992C /* ViewController.h */ = {isa = PBXFileReference; lastKnownFileType = sourcecode.c.h; path = ViewController.h; sourceTree = "<group>"; };
		82B442332512E90800AF992C /* ViewController.m */ = {isa = PBXFileReference; lastKnownFileType = sourcecode.c.objc; path = ViewController.m; sourceTree = "<group>"; };
		82B442362512E90800AF992C /* Base */ = {isa = PBXFileReference; lastKnownFileType = file.storyboard; name = Base; path = Base.lproj/Main.storyboard; sourceTree = "<group>"; };
		82B442382512E90B00AF992C /* Assets.xcassets */ = {isa = PBXFileReference; lastKnownFileType = folder.assetcatalog; path = Assets.xcassets; sourceTree = "<group>"; };
		82B4423B2512E90B00AF992C /* Base */ = {isa = PBXFileReference; lastKnownFileType = file.storyboard; name = Base; path = Base.lproj/LaunchScreen.storyboard; sourceTree = "<group>"; };
		82B4423D2512E90B00AF992C /* Info.plist */ = {isa = PBXFileReference; lastKnownFileType = text.plist.xml; path = Info.plist; sourceTree = "<group>"; };
		82B4423E2512E90B00AF992C /* main.m */ = {isa = PBXFileReference; lastKnownFileType = sourcecode.c.objc; path = main.m; sourceTree = "<group>"; };
/* End PBXFileReference section */

/* Begin PBXFrameworksBuildPhase section */
		82B442262512E90800AF992C /* Frameworks */ = {
			isa = PBXFrameworksBuildPhase;
			buildActionMask = 2147483647;
			files = (
			);
			runOnlyForDeploymentPostprocessing = 0;
		};
/* End PBXFrameworksBuildPhase section */

/* Begin PBXGroup section */
		82B442202512E90800AF992C = {
			isa = PBXGroup;
			children = (
				82B4422B2512E90800AF992C /* Temperatura App */,
				82B4422A2512E90800AF992C /* Products */,
			);
			sourceTree = "<group>";
		};
		82B4422A2512E90800AF992C /* Products */ = {
			isa = PBXGroup;
			children = (
				82B442292512E90800AF992C /* Temperatura App.app */,
			);
			name = Products;
			sourceTree = "<group>";
		};
		82B4422B2512E90800AF992C /* Temperatura App */ = {
			isa = PBXGroup;
			children = (
				82B4422C2512E90800AF992C /* AppDelegate.h */,
				82B4422D2512E90800AF992C /* AppDelegate.m */,
				82B4422F2512E90800AF992C /* SceneDelegate.h */,
				82B442302512E90800AF992C /* SceneDelegate.m */,
				82B442322512E90800AF992C /* ViewController.h */,
				82B442332512E90800AF992C /* ViewController.m */,
				82B442352512E90800AF992C /* Main.storyboard */,
				82B442382512E90B00AF992C /* Assets.xcassets */,
				82B4423A2512E90B00AF992C /* LaunchScreen.storyboard */,
				82B4423D2512E90B00AF992C /* Info.plist */,
				82B4423E2512E90B00AF992C /* main.m */,
			);
			path = "Temperatura App";
			sourceTree = "<group>";
		};
/* End PBXGroup section */

/* Begin PBXNativeTarget section */
		82B442282512E90800AF992C /* Temperatura App */ = {
			isa = PBXNativeTarget;
			buildConfigurationList = 82B442422512E90B00AF992C /* Build configuration list for PBXNativeTarget "Temperatura App" */;
			buildPhases = (
				82B442252512E90800AF992C /* Sources */,
				82B442262512E90800AF992C /* Frameworks */,
				82B442272512E90800AF992C /* Resources */,
			);
			buildRules = (
			);
			dependencies = (
			);
			name = "Temperatura App";
			productName = "Temperatura App";
			productReference = 82B442292512E90800AF992C /* Temperatura App.app */;
			productType = "com.apple.product-type.application";
		};
/* End PBXNativeTarget section */

/* Begin PBXProject section */
		82B442212512E90800AF992C /* Project object */ = {
			isa = PBXProject;
			attributes = {
				LastUpgradeCheck = 1170;
				ORGANIZATIONNAME = "Alvaro Alva";
				TargetAttributes = {
					82B442282512E90800AF992C = {
						CreatedOnToolsVersion = 11.7;
					};
				};
			};
			buildConfigurationList = 82B442242512E90800AF992C /* Build configuration list for PBXProject "Temperatura App" */;
			compatibilityVersion = "Xcode 9.3";
			developmentRegion = en;
			hasScannedForEncodings = 0;
			knownRegions = (
				en,
				Base,
			);
			mainGroup = 82B442202512E90800AF992C;
			productRefGroup = 82B4422A2512E90800AF992C /* Products */;
			projectDirPath = "";
			projectRoot = "";
			targets = (
				82B442282512E90800AF992C /* Temperatura App */,
			);
		};
/* End PBXProject section */

/* Begin PBXResourcesBuildPhase section */
		82B442272512E90800AF992C /* Resources */ = {
			isa = PBXResourcesBuildPhase;
			buildActionMask = 2147483647;
			files = (
				82B4423C2512E90B00AF992C /* LaunchScreen.storyboard in Resources */,
				82B442392512E90B00AF992C /* Assets.xcassets in Resources */,
				82B442372512E90800AF992C /* Main.storyboard in Resources */,
			);
			runOnlyForDeploymentPostprocessing = 0;
		};
/* End PBXResourcesBuildPhase section */

/* Begin PBXSourcesBuildPhase section */
		82B442252512E90800AF992C /* Sources */ = {
			isa = PBXSourcesBuildPhase;
			buildActionMask = 2147483647;
			files = (
				82B442342512E90800AF992C /* ViewController.m in Sources */,
				82B4422E2512E90800AF992C /* AppDelegate.m in Sources */,
				82B4423F2512E90B00AF992C /* main.m in Sources */,
				82B442312512E90800AF992C /* SceneDelegate.m in Sources */,
			);
			runOnlyForDeploymentPostprocessing = 0;
		};
/* End PBXSourcesBuildPhase section */

/* Begin PBXVariantGroup section */
		82B442352512E90800AF992C /* Main.storyboard */ = {
			isa = PBXVariantGroup;
			children = (
				82B442362512E90800AF992C /* Base */,
			);
			name = Main.storyboard;
			sourceTree = "<group>";
		};
		82B4423A2512E90B00AF992C /* LaunchScreen.storyboard */ = {
			isa = PBXVariantGroup;
			children = (
				82B4423B2512E90B00AF992C /* Base */,
			);
			name = LaunchScreen.storyboard;
			sourceTree = "<group>";
		};
/* End PBXVariantGroup section */

/* Begin XCBuildConfiguration section */
		82B442402512E90B00AF992C /* Debug */ = {
			isa = XCBuildConfiguration;
			buildSettings = {
				ALWAYS_SEARCH_USER_PATHS = NO;
				CLANG_ANALYZER_NONNULL = YES;
				CLANG_ANALYZER_NUMBER_OBJECT_CONVERSION = YES_AGGRESSIVE;
				CLANG_CXX_LANGUAGE_STANDARD = "gnu++14";
				CLANG_CXX_LIBRARY = "libc++";
				CLANG_ENABLE_MODULES = YES;
				CLANG_ENABLE_OBJC_ARC = YES;
				CLANG_ENABLE_OBJC_WEAK = YES;
				CLANG_WARN_BLOCK_CAPTURE_AUTORELEASING = YES;
				CLANG_WARN_BOOL_CONVERSION = YES;
				CLANG_WARN_COMMA = YES;
				CLANG_WARN_CONSTANT_CONVERSION = YES;
				CLANG_WARN_DEPRECATED_OBJC_IMPLEMENTATIONS = YES;
				CLANG_WARN_DIRECT_OBJC_ISA_USAGE = YES_ERROR;
				CLANG_WARN_DOCUMENTATION_COMMENTS = YES;
				CLANG_WARN_EMPTY_BODY = YES;
				CLANG_WARN_ENUM_CONVERSION = YES;
				CLANG_WARN_INFINITE_RECURSION = YES;
				CLANG_WARN_INT_CONVERSION = YES;
				CLANG_WARN_NON_LITERAL_NULL_CONVERSION = YES;
				CLANG_WARN_OBJC_IMPLICIT_RETAIN_SELF = YES;
				CLANG_WARN_OBJC_LITERAL_CONVERSION = YES;
				CLANG_WARN_OBJC_ROOT_CLASS = YES_ERROR;
				CLANG_WARN_RANGE_LOOP_ANALYSIS = YES;
				CLANG_WARN_STRICT_PROTOTYPES = YES;
				CLANG_WARN_SUSPICIOUS_MOVE = YES;
				CLANG_WARN_UNGUARDED_AVAILABILITY = YES_AGGRESSIVE;
				CLANG_WARN_UNREACHABLE_CODE = YES;
				CLANG_WARN__DUPLICATE_METHOD_MATCH = YES;
				COPY_PHASE_STRIP = NO;
				DEBUG_INFORMATION_FORMAT = dwarf;
				ENABLE_STRICT_OBJC_MSGSEND = YES;
				ENABLE_TESTABILITY = YES;
				GCC_C_LANGUAGE_STANDARD = gnu11;
				GCC_DYNAMIC_NO_PIC = NO;
				GCC_NO_COMMON_BLOCKS = YES;
				GCC_OPTIMIZATION_LEVEL = 0;
				GCC_PREPROCESSOR_DEFINITIONS = (
					"DEBUG=1",
					"$(inherited)",
				);
				GCC_WARN_64_TO_32_BIT_CONVERSION = YES;
				GCC_WARN_ABOUT_RETURN_TYPE = YES_ERROR;
				GCC_WARN_UNDECLARED_SELECTOR = YES;
				GCC_WARN_UNINITIALIZED_AUTOS = YES_AGGRESSIVE;
				GCC_WARN_UNUSED_FUNCTION = YES;
				GCC_WARN_UNUSED_VARIABLE = YES;
				IPHONEOS_DEPLOYMENT_TARGET = 13.7;
				MTL_ENABLE_DEBUG_INFO = INCLUDE_SOURCE;
				MTL_FAST_MATH = YES;
				ONLY_ACTIVE_ARCH = YES;
				SDKROOT = iphoneos;
			};
			name = Debug;
		};
		82B442412512E90B00AF992C /* Release */ = {
			isa = XCBuildConfiguration;
			buildSettings = {
				ALWAYS_SEARCH_USER_PATHS = NO;
				CLANG_ANALYZER_NONNULL = YES;
				CLANG_ANALYZER_NUMBER_OBJECT_CONVERSION = YES_AGGRESSIVE;
				CLANG_CXX_LANGUAGE_STANDARD = "gnu++14";
				CLANG_CXX_LIBRARY = "libc++";
				CLANG_ENABLE_MODULES = YES;
				CLANG_ENABLE_OBJC_ARC = YES;
				CLANG_ENABLE_OBJC_WEAK = YES;
				CLANG_WARN_BLOCK_CAPTURE_AUTORELEASING = YES;
				CLANG_WARN_BOOL_CONVERSION = YES;
				CLANG_WARN_COMMA = YES;
				CLANG_WARN_CONSTANT_CONVERSION = YES;
				CLANG_WARN_DEPRECATED_OBJC_IMPLEMENTATIONS = YES;
				CLANG_WARN_DIRECT_OBJC_ISA_USAGE = YES_ERROR;
				CLANG_WARN_DOCUMENTATION_COMMENTS = YES;
				CLANG_WARN_EMPTY_BODY = YES;
				CLANG_WARN_ENUM_CONVERSION = YES;
				CLANG_WARN_INFINITE_RECURSION = YES;
				CLANG_WARN_INT_CONVERSION = YES;
				CLANG_WARN_NON_LITERAL_NULL_CONVERSION = YES;
				CLANG_WARN_OBJC_IMPLICIT_RETAIN_SELF = YES;
				CLANG_WARN_OBJC_LITERAL_CONVERSION = YES;
				CLANG_WARN_OBJC_ROOT_CLASS = YES_ERROR;
				CLANG_WARN_RANGE_LOOP_ANALYSIS = YES;
				CLANG_WARN_STRICT_PROTOTYPES = YES;
				CLANG_WARN_SUSPICIOUS_MOVE = YES;
				CLANG_WARN_UNGUARDED_AVAILABILITY = YES_AGGRESSIVE;
				CLANG_WARN_UNREACHABLE_CODE = YES;
				CLANG_WARN__DUPLICATE_METHOD_MATCH = YES;
				COPY_PHASE_STRIP = NO;
				DEBUG_INFORMATION_FORMAT = "dwarf-with-dsym";
				ENABLE_NS_ASSERTIONS = NO;
				ENABLE_STRICT_OBJC_MSGSEND = YES;
				GCC_C_LANGUAGE_STANDARD = gnu11;
				GCC_NO_COMMON_BLOCKS = YES;
				GCC_WARN_64_TO_32_BIT_CONVERSION = YES;
				GCC_WARN_ABOUT_RETURN_TYPE = YES_ERROR;
				GCC_WARN_UNDECLARED_SELECTOR = YES;
				GCC_WARN_UNINITIALIZED_AUTOS = YES_AGGRESSIVE;
				GCC_WARN_UNUSED_FUNCTION = YES;
				GCC_WARN_UNUSED_VARIABLE = YES;
				IPHONEOS_DEPLOYMENT_TARGET = 13.7;
				MTL_ENABLE_DEBUG_INFO = NO;
				MTL_FAST_MATH = YES;
				SDKROOT = iphoneos;
				VALIDATE_PRODUCT = YES;
			};
			name = Release;
		};
		82B442432512E90B00AF992C /* Debug */ = {
			isa = XCBuildConfiguration;
			buildSettings = {
				ASSETCATALOG_COMPILER_APPICON_NAME = AppIcon;
				CODE_SIGN_STYLE = Automatic;
				DEVELOPMENT_TEAM = 6W2U42UBPP;
				INFOPLIST_FILE = "Temperatura App/Info.plist";
				LD_RUNPATH_SEARCH_PATHS = (
					"$(inherited)",
					"@executable_path/Frameworks",
				);
				PRODUCT_BUNDLE_IDENTIFIER = "alvaroots97.Temperatura-App";
				PRODUCT_NAME = "$(TARGET_NAME)";
				TARGETED_DEVICE_FAMILY = "1,2";
			};
			name = Debug;
		};
		82B442442512E90B00AF992C /* Release */ = {
			isa = XCBuildConfiguration;
			buildSettings = {
				ASSETCATALOG_COMPILER_APPICON_NAME = AppIcon;
				CODE_SIGN_STYLE = Automatic;
				DEVELOPMENT_TEAM = 6W2U42UBPP;
				INFOPLIST_FILE = "Temperatura App/Info.plist";
				LD_RUNPATH_SEARCH_PATHS = (
					"$(inherited)",
					"@executable_path/Frameworks",
				);
				PRODUCT_BUNDLE_IDENTIFIER = "alvaroots97.Temperatura-App";
				PRODUCT_NAME = "$(TARGET_NAME)";
				TARGETED_DEVICE_FAMILY = "1,2";
			};
			name = Release;
		};
/* End XCBuildConfiguration section */

/* Begin XCConfigurationList section */
		82B442242512E90800AF992C /* Build configuration list for PBXProject "Temperatura App" */ = {
			isa = XCConfigurationList;
			buildConfigurations = (
				82B442402512E90B00AF992C /* Debug */,
				82B442412512E90B00AF992C /* Release */,
			);
			defaultConfigurationIsVisible = 0;
			defaultConfigurationName = Release;
		};
		82B442422512E90B00AF992C /* Build configuration list for PBXNativeTarget "Temperatura App" */ = {
			isa = XCConfigurationList;
			buildConfigurations = (
				82B442432512E90B00AF992C /* Debug */,
				82B442442512E90B00AF992C /* Release */,
			);
			defaultConfigurationIsVisible = 0;
			defaultConfigurationName = Release;
		};
/* End XCConfigurationList section */
	};
	rootObject = 82B442212512E90800AF992C /* Project object */;
}
